
Microsoft Visual Studio Solution File, Format Version 12.00
# Visual Studio Version 16
VisualStudioVersion = 16.0.30711.63
MinimumVisualStudioVersion = 15.0.26124.0
Project("{9A19103F-16F7-4668-BE54-9A1E7A4F7556}") = "JWLibrary", "JWLibrary\JWLibrary.csproj", "{B9DE5718-F372-4B19-A681-694A4A35FE6B}"
EndProject
Project("{9A19103F-16F7-4668-BE54-9A1E7A4F7556}") = "JWLibrary.Core", "JWLibrary.Core\JWLibrary.Core.csproj", "{D90D12C6-449D-42D3-9FD6-5FC98B9E491D}"
EndProject
Project("{9A19103F-16F7-4668-BE54-9A1E7A4F7556}") = "JWLibrary.Web", "JWLibrary.Web\JWLibrary.Web.csproj", "{91C3A4CA-6944-43EB-BD5A-14CF1EDE07A5}"
EndProject
Project("{9A19103F-16F7-4668-BE54-9A1E7A4F7556}") = "JWLibrary.Test", "JWLibrary.Test\JWLibrary.Test.csproj", "{64975C37-4143-4C0B-8068-B808AEB19EBD}"
EndProject
Project("{2150E333-8FDC-42A3-9474-1A3956D46DE8}") = "JWLibrary.Implement", "JWLibrary.Implement", "{4CBF0C58-1163-4775-BE7B-1081F653612D}"
EndProject
Project("{9A19103F-16F7-4668-BE54-9A1E7A4F7556}") = "APIServer", "JW2Library.Implement\APIServer\APIServer.csproj", "{1D94FD26-847C-47DB-95BC-34C4B32D937B}"
EndProject
Project("{9A19103F-16F7-4668-BE54-9A1E7A4F7556}") = "Service", "JW2Library.Implement\Service\Service.csproj", "{E542E614-6361-4D12-90C0-A6826385F265}"
EndProject
Project("{9A19103F-16F7-4668-BE54-9A1E7A4F7556}") = "Service.Data", "JW2Library.Implement\Service.Data\Service.Data.csproj", "{D6935CCC-8859-49FC-80A4-660BFD3CC44E}"
EndProject
Project("{9A19103F-16F7-4668-BE54-9A1E7A4F7556}") = "JWLibrary.NUnit.Test", "JWLibrary.NUnit.Test\JWLibrary.NUnit.Test.csproj", "{62AB8575-0821-49D3-88A7-3F2760B52045}"
EndProject
Project("{FAE04EC0-301F-11D3-BF4B-00C04F79EFBC}") = "Service.QueryConst", "Service.QueryConst\Service.QueryConst.csproj", "{6BCFA712-2D37-4D69-B1B0-BAF196BE9E07}"
EndProject
Project("{FAE04EC0-301F-11D3-BF4B-00C04F79EFBC}") = "JLiteDBFlex", "JLiteDBFlex\JLiteDBFlex.csproj", "{B337A6E0-EAAB-4EE2-94C9-383F48DF40A2}"
EndProject
Project("{FAE04EC0-301F-11D3-BF4B-00C04F79EFBC}") = "JBlazorWasm", "JW2Library.Implement\JBlazorWasm\JBlazorWasm.csproj", "{61042603-65A5-442B-AD42-7543D7218BE1}"
EndProject
Global
	GlobalSection(SolutionConfigurationPlatforms) = preSolution
		Debug|Any CPU = Debug|Any CPU
		Release|Any CPU = Release|Any CPU
	EndGlobalSection
	GlobalSection(ProjectConfigurationPlatforms) = postSolution
		{B9DE5718-F372-4B19-A681-694A4A35FE6B}.Debug|Any CPU.ActiveCfg = Debug|Any CPU
		{B9DE5718-F372-4B19-A681-694A4A35FE6B}.Debug|Any CPU.Build.0 = Debug|Any CPU
		{B9DE5718-F372-4B19-A681-694A4A35FE6B}.Release|Any CPU.ActiveCfg = Release|Any CPU
		{B9DE5718-F372-4B19-A681-694A4A35FE6B}.Release|Any CPU.Build.0 = Release|Any CPU
		{D90D12C6-449D-42D3-9FD6-5FC98B9E491D}.Debug|Any CPU.ActiveCfg = Debug|Any CPU
		{D90D12C6-449D-42D3-9FD6-5FC98B9E491D}.Debug|Any CPU.Build.0 = Debug|Any CPU
		{D90D12C6-449D-42D3-9FD6-5FC98B9E491D}.Release|Any CPU.ActiveCfg = Release|Any CPU
		{D90D12C6-449D-42D3-9FD6-5FC98B9E491D}.Release|Any CPU.Build.0 = Release|Any CPU
		{91C3A4CA-6944-43EB-BD5A-14CF1EDE07A5}.Debug|Any CPU.ActiveCfg = Debug|Any CPU
		{91C3A4CA-6944-43EB-BD5A-14CF1EDE07A5}.Debug|Any CPU.Build.0 = Debug|Any CPU
		{91C3A4CA-6944-43EB-BD5A-14CF1EDE07A5}.Release|Any CPU.ActiveCfg = Release|Any CPU
		{91C3A4CA-6944-43EB-BD5A-14CF1EDE07A5}.Release|Any CPU.Build.0 = Release|Any CPU
		{64975C37-4143-4C0B-8068-B808AEB19EBD}.Debug|Any CPU.ActiveCfg = Debug|Any CPU
		{64975C37-4143-4C0B-8068-B808AEB19EBD}.Debug|Any CPU.Build.0 = Debug|Any CPU
		{64975C37-4143-4C0B-8068-B808AEB19EBD}.Release|Any CPU.ActiveCfg = Release|Any CPU
		{64975C37-4143-4C0B-8068-B808AEB19EBD}.Release|Any CPU.Build.0 = Release|Any CPU
		{1D94FD26-847C-47DB-95BC-34C4B32D937B}.Debug|Any CPU.ActiveCfg = Debug|Any CPU
		{1D94FD26-847C-47DB-95BC-34C4B32D937B}.Debug|Any CPU.Build.0 = Debug|Any CPU
		{1D94FD26-847C-47DB-95BC-34C4B32D937B}.Release|Any CPU.ActiveCfg = Release|Any CPU
		{1D94FD26-847C-47DB-95BC-34C4B32D937B}.Release|Any CPU.Build.0 = Release|Any CPU
		{E542E614-6361-4D12-90C0-A6826385F265}.Debug|Any CPU.ActiveCfg = Debug|Any CPU
		{E542E614-6361-4D12-90C0-A6826385F265}.Debug|Any CPU.Build.0 = Debug|Any CPU
		{E542E614-6361-4D12-90C0-A6826385F265}.Release|Any CPU.ActiveCfg = Release|Any CPU
		{E542E614-6361-4D12-90C0-A6826385F265}.Release|Any CPU.Build.0 = Release|Any CPU
		{D6935CCC-8859-49FC-80A4-660BFD3CC44E}.Debug|Any CPU.ActiveCfg = Debug|Any CPU
		{D6935CCC-8859-49FC-80A4-660BFD3CC44E}.Debug|Any CPU.Build.0 = Debug|Any CPU
		{D6935CCC-8859-49FC-80A4-660BFD3CC44E}.Release|Any CPU.ActiveCfg = Release|Any CPU
		{D6935CCC-8859-49FC-80A4-660BFD3CC44E}.Release|Any CPU.Build.0 = Release|Any CPU
		{62AB8575-0821-49D3-88A7-3F2760B52045}.Debug|Any CPU.ActiveCfg = Debug|Any CPU
		{62AB8575-0821-49D3-88A7-3F2760B52045}.Debug|Any CPU.Build.0 = Debug|Any CPU
		{62AB8575-0821-49D3-88A7-3F2760B52045}.Release|Any CPU.ActiveCfg = Release|Any CPU
		{62AB8575-0821-49D3-88A7-3F2760B52045}.Release|Any CPU.Build.0 = Release|Any CPU
		{6BCFA712-2D37-4D69-B1B0-BAF196BE9E07}.Debug|Any CPU.ActiveCfg = Debug|Any CPU
		{6BCFA712-2D37-4D69-B1B0-BAF196BE9E07}.Debug|Any CPU.Build.0 = Debug|Any CPU
		{6BCFA712-2D37-4D69-B1B0-BAF196BE9E07}.Release|Any CPU.ActiveCfg = Release|Any CPU
		{6BCFA712-2D37-4D69-B1B0-BAF196BE9E07}.Release|Any CPU.Build.0 = Release|Any CPU
		{B337A6E0-EAAB-4EE2-94C9-383F48DF40A2}.Debug|Any CPU.ActiveCfg = Debug|Any CPU
		{B337A6E0-EAAB-4EE2-94C9-383F48DF40A2}.Debug|Any CPU.Build.0 = Debug|Any CPU
		{B337A6E0-EAAB-4EE2-94C9-383F48DF40A2}.Release|Any CPU.ActiveCfg = Release|Any CPU
		{B337A6E0-EAAB-4EE2-94C9-383F48DF40A2}.Release|Any CPU.Build.0 = Release|Any CPU
		{61042603-65A5-442B-AD42-7543D7218BE1}.Debug|Any CPU.ActiveCfg = Debug|Any CPU
		{61042603-65A5-442B-AD42-7543D7218BE1}.Debug|Any CPU.Build.0 = Debug|Any CPU
		{61042603-65A5-442B-AD42-7543D7218BE1}.Release|Any CPU.ActiveCfg = Release|Any CPU
		{61042603-65A5-442B-AD42-7543D7218BE1}.Release|Any CPU.Build.0 = Release|Any CPU
	EndGlobalSection
	GlobalSection(SolutionProperties) = preSolution
		HideSolutionNode = FALSE
	EndGlobalSection
	GlobalSection(NestedProjects) = preSolution
		{1D94FD26-847C-47DB-95BC-34C4B32D937B} = {4CBF0C58-1163-4775-BE7B-1081F653612D}
		{E542E614-6361-4D12-90C0-A6826385F265} = {4CBF0C58-1163-4775-BE7B-1081F653612D}
		{D6935CCC-8859-49FC-80A4-660BFD3CC44E} = {4CBF0C58-1163-4775-BE7B-1081F653612D}
		{6BCFA712-2D37-4D69-B1B0-BAF196BE9E07} = {4CBF0C58-1163-4775-BE7B-1081F653612D}
		{61042603-65A5-442B-AD42-7543D7218BE1} = {4CBF0C58-1163-4775-BE7B-1081F653612D}
	EndGlobalSection
	GlobalSection(ExtensibilityGlobals) = postSolution
		SolutionGuid = {CA4FE31B-843B-4816-B5F9-3592A7FF5240}
	EndGlobalSection
EndGlobal
