
Microsoft Visual Studio Solution File, Format Version 12.00
# Visual Studio Version 17
VisualStudioVersion = 17.0.31410.414
MinimumVisualStudioVersion = 15.0.26124.0
Project("{9A19103F-16F7-4668-BE54-9A1E7A4F7556}") = "JWLibrary", "JWLibrary\JWLibrary.csproj", "{B9DE5718-F372-4B19-A681-694A4A35FE6B}"
EndProject
Project("{9A19103F-16F7-4668-BE54-9A1E7A4F7556}") = "JWLibrary.Web", "JWLibrary.Web\JWLibrary.Web.csproj", "{91C3A4CA-6944-43EB-BD5A-14CF1EDE07A5}"
EndProject
Project("{9A19103F-16F7-4668-BE54-9A1E7A4F7556}") = "JWLibrary.Test", "JWLibrary.Test\JWLibrary.Test.csproj", "{64975C37-4143-4C0B-8068-B808AEB19EBD}"
EndProject
Project("{2150E333-8FDC-42A3-9474-1A3956D46DE8}") = "2.Implement", "2.Implement", "{4CBF0C58-1163-4775-BE7B-1081F653612D}"
EndProject
Project("{9A19103F-16F7-4668-BE54-9A1E7A4F7556}") = "Service", "JW2Library.Implement\Service\Service.csproj", "{E542E614-6361-4D12-90C0-A6826385F265}"
EndProject
Project("{9A19103F-16F7-4668-BE54-9A1E7A4F7556}") = "Service.Data", "JW2Library.Implement\Service.Data\Service.Data.csproj", "{D6935CCC-8859-49FC-80A4-660BFD3CC44E}"
EndProject
Project("{9A19103F-16F7-4668-BE54-9A1E7A4F7556}") = "JWLibrary.NUnit.Test", "JWLibrary.NUnit.Test\JWLibrary.NUnit.Test.csproj", "{62AB8575-0821-49D3-88A7-3F2760B52045}"
EndProject
Project("{9A19103F-16F7-4668-BE54-9A1E7A4F7556}") = "Service.QueryConst", "Service.QueryConst\Service.QueryConst.csproj", "{6BCFA712-2D37-4D69-B1B0-BAF196BE9E07}"
EndProject
Project("{9A19103F-16F7-4668-BE54-9A1E7A4F7556}") = "JLiteDBFlex", "JLiteDBFlex\JLiteDBFlex.csproj", "{B337A6E0-EAAB-4EE2-94C9-383F48DF40A2}"
EndProject
Project("{9A19103F-16F7-4668-BE54-9A1E7A4F7556}") = "JBlazorWasm", "JW2Library.Implement\JBlazorWasm\JBlazorWasm.csproj", "{61042603-65A5-442B-AD42-7543D7218BE1}"
EndProject
Project("{9A19103F-16F7-4668-BE54-9A1E7A4F7556}") = "JBlazorWasm.Data", "JW2Library.Implement\JBlazorWasm.Data\JBlazorWasm.Data.csproj", "{955EC370-850B-4555-9113-2F1B3A48AAF4}"
EndProject
Project("{9A19103F-16F7-4668-BE54-9A1E7A4F7556}") = "GrpcService", "JW2Library.Implement\GrpcService\GrpcService.csproj", "{6AE190AF-FDC1-4CCF-853D-1937E731F2CA}"
EndProject
Project("{9A19103F-16F7-4668-BE54-9A1E7A4F7556}") = "MultiInterfaceContainerExample", "JW2Library.Implement\MultiInterfaceContainerExample\MultiInterfaceContainerExample.csproj", "{0B492EE4-238B-4B7F-B903-15E364D84F7B}"
EndProject
Project("{2150E333-8FDC-42A3-9474-1A3956D46DE8}") = "PlugIn.Implement", "PlugIn.Implement", "{EC4F20E2-D2E6-4296-9E86-21575C4AC06F}"
	ProjectSection(SolutionItems) = preProject
		PlugIn.Implement\.gitignore = PlugIn.Implement\.gitignore
	EndProjectSection
EndProject
Project("{9A19103F-16F7-4668-BE54-9A1E7A4F7556}") = "PlugInAbstract", "PlugIn.Implement\PlugInAbstract\PlugInAbstract.csproj", "{68C7C2FB-6342-40EF-95DD-476B20A4534B}"
EndProject
Project("{9A19103F-16F7-4668-BE54-9A1E7A4F7556}") = "PlugInConcret", "PlugIn.Implement\PlugInConcret\PlugInConcret.csproj", "{5D1124CE-9D81-4596-95CF-EA2ADB0B2A15}"
EndProject
Project("{9A19103F-16F7-4668-BE54-9A1E7A4F7556}") = "PlugInConsole", "PlugIn.Implement\PlugInConsole\PlugInConsole.csproj", "{9B9051D6-6671-4664-BBE1-6FF6EC379FEB}"
EndProject
Project("{9A19103F-16F7-4668-BE54-9A1E7A4F7556}") = "JWUpdator", "JWUpdator\JWUpdator.csproj", "{F5135354-07BC-4D36-B5DC-4790D6BB4920}"
EndProject
Project("{9A19103F-16F7-4668-BE54-9A1E7A4F7556}") = "d2dlib-winform", "d2dlib-winform\d2dlib-winform.csproj", "{074B894A-F3BC-4942-B030-29430CFD1EF1}"
EndProject
Project("{9A19103F-16F7-4668-BE54-9A1E7A4F7556}") = "eXtensionSharp", "..\eXtensionSharp\src\eXtensionSharp.csproj", "{F36F9311-C664-4A8A-BDE4-C99482AB89A9}"
EndProject
Project("{2150E333-8FDC-42A3-9474-1A3956D46DE8}") = "Winform-Blazor", "Winform-Blazor", "{97800186-2606-4ED3-9201-A0332B814739}"
EndProject
Project("{9A19103F-16F7-4668-BE54-9A1E7A4F7556}") = "BlazorHostWinform", "JW2Library.Implement\Winform-Blazor\BlazorHostWinform\BlazorHostWinform.csproj", "{EC2A4114-31DA-42FC-880B-DABE5C7D788C}"
EndProject
Project("{9A19103F-16F7-4668-BE54-9A1E7A4F7556}") = "BlazorServer", "JW2Library.Implement\Winform-Blazor\BlazorServer\BlazorServer.csproj", "{CB135FA8-8698-4FE5-A773-04D486C745D9}"
EndProject
Project("{9A19103F-16F7-4668-BE54-9A1E7A4F7556}") = "JConfiger", "JConfiger\JConfiger.csproj", "{99F9887C-3A96-4C75-8741-3D88DD9AA85D}"
EndProject
Project("{2150E333-8FDC-42A3-9474-1A3956D46DE8}") = "TodoProject", "TodoProject", "{185AD61E-54B4-415C-91E5-C27A29B498A9}"
EndProject
Project("{9A19103F-16F7-4668-BE54-9A1E7A4F7556}") = "TodoBlazor", "TodoProject\TodoBlazor\TodoBlazor.csproj", "{BC760C62-065D-468E-831F-2CCB996BCB4C}"
EndProject
Project("{9A19103F-16F7-4668-BE54-9A1E7A4F7556}") = "TodoWebApi", "TodoProject\TodoWebApi\TodoWebApi.csproj", "{D1199815-A686-46B7-AB03-7A3CD7451D8B}"
EndProject
Project("{2150E333-8FDC-42A3-9474-1A3956D46DE8}") = "1.Framework", "1.Framework", "{FE6C1C19-B0DA-4C22-89E1-865C33E04234}"
EndProject
Project("{2150E333-8FDC-42A3-9474-1A3956D46DE8}") = "4.Etc", "4.Etc", "{84DE9C23-3E8C-4AD1-96C6-645B1568B130}"
EndProject
Project("{2150E333-8FDC-42A3-9474-1A3956D46DE8}") = "3.Config", "3.Config", "{788384E4-ADA2-44FF-8852-58CD7118791C}"
EndProject
Project("{2150E333-8FDC-42A3-9474-1A3956D46DE8}") = "5.Tests", "5.Tests", "{18299648-9ECC-4838-B5A0-C82824475E5B}"
EndProject
Project("{9A19103F-16F7-4668-BE54-9A1E7A4F7556}") = "AccountWebApi", "TodoProject\AccountWebApi\AccountWebApi.csproj", "{9304DFFE-1F37-4898-9599-6067C4C4B9D7}"
EndProject
Project("{9A19103F-16F7-4668-BE54-9A1E7A4F7556}") = "TodoService", "TodoProject\TodoService\TodoService.csproj", "{E3687E06-FE9E-4ACC-96A2-0F292D13A214}"
EndProject
Project("{9A19103F-16F7-4668-BE54-9A1E7A4F7556}") = "Service.Data", "TodoProject\Service.Data\Service.Data.csproj", "{05B3FBA3-7614-45D6-BF02-1BA0E86A3A24}"
EndProject
Project("{2150E333-8FDC-42A3-9474-1A3956D46DE8}") = "Service", "Service", "{508C6EB8-8DBC-4F28-A634-C0BDC6716B2A}"
EndProject
Project("{2150E333-8FDC-42A3-9474-1A3956D46DE8}") = "FrontEnd", "FrontEnd", "{65940A0F-F05A-4515-BEAF-085F498B420C}"
EndProject
Project("{2150E333-8FDC-42A3-9474-1A3956D46DE8}") = "BackEnd", "BackEnd", "{2039CEF9-439F-4C71-842E-EF35E2A12BAF}"
EndProject
Project("{9A19103F-16F7-4668-BE54-9A1E7A4F7556}") = "AccountService", "TodoProject\AccountService\AccountService.csproj", "{34EB94F5-7280-4809-83C3-96D705F6CAA9}"
EndProject
Project("{9A19103F-16F7-4668-BE54-9A1E7A4F7556}") = "APIServer", "JW2Library.Implement\APIServer\APIServer.csproj", "{D13ED7A3-959B-4ED1-96A7-8EC2C2E8BE48}"
EndProject
Project("{9A19103F-16F7-4668-BE54-9A1E7A4F7556}") = "RocksGrpcNet", "RocksGRPC\RocksGrpcNet\RocksGrpcNet.csproj", "{33F42B8C-B533-40F2-B15C-1BB21A0BC10B}"
EndProject
Project("{2150E333-8FDC-42A3-9474-1A3956D46DE8}") = "RocksGrpc", "RocksGrpc", "{DF355F18-B9CD-44DE-9C3B-EF0A6FF27334}"
EndProject
Project("{9A19103F-16F7-4668-BE54-9A1E7A4F7556}") = "RocksGrpcTest", "RocksGRPC\RocksGrpcTest\RocksGrpcTest.csproj", "{7CEC40F4-EC50-4306-9B31-0DD138AE0427}"
EndProject
Project("{FAE04EC0-301F-11D3-BF4B-00C04F79EFBC}") = "RocksGrpcConsoleTest", "RocksGRPC\RocksGrpcConsoleTest\RocksGrpcConsoleTest.csproj", "{98E7599B-FA3B-4096-A808-F610D450F7F0}"
EndProject
Project("{FAE04EC0-301F-11D3-BF4B-00C04F79EFBC}") = "RocksGrpNetClient", "RocksGRPC\RocksGrpNetClient\RocksGrpNetClient.csproj", "{47BD9652-0FCC-40CA-8A6D-AE2B1C794A69}"
EndProject
Global
	GlobalSection(SolutionConfigurationPlatforms) = preSolution
		Debug|Any CPU = Debug|Any CPU
		Release|Any CPU = Release|Any CPU
	EndGlobalSection
	GlobalSection(ProjectConfigurationPlatforms) = postSolution
		{B9DE5718-F372-4B19-A681-694A4A35FE6B}.Debug|Any CPU.ActiveCfg = Debug|Any CPU
		{B9DE5718-F372-4B19-A681-694A4A35FE6B}.Debug|Any CPU.Build.0 = Debug|Any CPU
		{B9DE5718-F372-4B19-A681-694A4A35FE6B}.Release|Any CPU.ActiveCfg = Release|Any CPU
		{B9DE5718-F372-4B19-A681-694A4A35FE6B}.Release|Any CPU.Build.0 = Release|Any CPU
		{91C3A4CA-6944-43EB-BD5A-14CF1EDE07A5}.Debug|Any CPU.ActiveCfg = Debug|Any CPU
		{91C3A4CA-6944-43EB-BD5A-14CF1EDE07A5}.Debug|Any CPU.Build.0 = Debug|Any CPU
		{91C3A4CA-6944-43EB-BD5A-14CF1EDE07A5}.Release|Any CPU.ActiveCfg = Release|Any CPU
		{91C3A4CA-6944-43EB-BD5A-14CF1EDE07A5}.Release|Any CPU.Build.0 = Release|Any CPU
		{64975C37-4143-4C0B-8068-B808AEB19EBD}.Debug|Any CPU.ActiveCfg = Debug|Any CPU
		{64975C37-4143-4C0B-8068-B808AEB19EBD}.Debug|Any CPU.Build.0 = Debug|Any CPU
		{64975C37-4143-4C0B-8068-B808AEB19EBD}.Release|Any CPU.ActiveCfg = Release|Any CPU
		{64975C37-4143-4C0B-8068-B808AEB19EBD}.Release|Any CPU.Build.0 = Release|Any CPU
		{E542E614-6361-4D12-90C0-A6826385F265}.Debug|Any CPU.ActiveCfg = Debug|Any CPU
		{E542E614-6361-4D12-90C0-A6826385F265}.Debug|Any CPU.Build.0 = Debug|Any CPU
		{E542E614-6361-4D12-90C0-A6826385F265}.Release|Any CPU.ActiveCfg = Release|Any CPU
		{E542E614-6361-4D12-90C0-A6826385F265}.Release|Any CPU.Build.0 = Release|Any CPU
		{D6935CCC-8859-49FC-80A4-660BFD3CC44E}.Debug|Any CPU.ActiveCfg = Debug|Any CPU
		{D6935CCC-8859-49FC-80A4-660BFD3CC44E}.Debug|Any CPU.Build.0 = Debug|Any CPU
		{D6935CCC-8859-49FC-80A4-660BFD3CC44E}.Release|Any CPU.ActiveCfg = Release|Any CPU
		{D6935CCC-8859-49FC-80A4-660BFD3CC44E}.Release|Any CPU.Build.0 = Release|Any CPU
		{62AB8575-0821-49D3-88A7-3F2760B52045}.Debug|Any CPU.ActiveCfg = Debug|Any CPU
		{62AB8575-0821-49D3-88A7-3F2760B52045}.Debug|Any CPU.Build.0 = Debug|Any CPU
		{62AB8575-0821-49D3-88A7-3F2760B52045}.Release|Any CPU.ActiveCfg = Release|Any CPU
		{62AB8575-0821-49D3-88A7-3F2760B52045}.Release|Any CPU.Build.0 = Release|Any CPU
		{6BCFA712-2D37-4D69-B1B0-BAF196BE9E07}.Debug|Any CPU.ActiveCfg = Debug|Any CPU
		{6BCFA712-2D37-4D69-B1B0-BAF196BE9E07}.Debug|Any CPU.Build.0 = Debug|Any CPU
		{6BCFA712-2D37-4D69-B1B0-BAF196BE9E07}.Release|Any CPU.ActiveCfg = Release|Any CPU
		{6BCFA712-2D37-4D69-B1B0-BAF196BE9E07}.Release|Any CPU.Build.0 = Release|Any CPU
		{B337A6E0-EAAB-4EE2-94C9-383F48DF40A2}.Debug|Any CPU.ActiveCfg = Debug|Any CPU
		{B337A6E0-EAAB-4EE2-94C9-383F48DF40A2}.Debug|Any CPU.Build.0 = Debug|Any CPU
		{B337A6E0-EAAB-4EE2-94C9-383F48DF40A2}.Release|Any CPU.ActiveCfg = Release|Any CPU
		{B337A6E0-EAAB-4EE2-94C9-383F48DF40A2}.Release|Any CPU.Build.0 = Release|Any CPU
		{61042603-65A5-442B-AD42-7543D7218BE1}.Debug|Any CPU.ActiveCfg = Debug|Any CPU
		{61042603-65A5-442B-AD42-7543D7218BE1}.Debug|Any CPU.Build.0 = Debug|Any CPU
		{61042603-65A5-442B-AD42-7543D7218BE1}.Release|Any CPU.ActiveCfg = Release|Any CPU
		{61042603-65A5-442B-AD42-7543D7218BE1}.Release|Any CPU.Build.0 = Release|Any CPU
		{955EC370-850B-4555-9113-2F1B3A48AAF4}.Debug|Any CPU.ActiveCfg = Debug|Any CPU
		{955EC370-850B-4555-9113-2F1B3A48AAF4}.Debug|Any CPU.Build.0 = Debug|Any CPU
		{955EC370-850B-4555-9113-2F1B3A48AAF4}.Release|Any CPU.ActiveCfg = Release|Any CPU
		{955EC370-850B-4555-9113-2F1B3A48AAF4}.Release|Any CPU.Build.0 = Release|Any CPU
		{6AE190AF-FDC1-4CCF-853D-1937E731F2CA}.Debug|Any CPU.ActiveCfg = Debug|Any CPU
		{6AE190AF-FDC1-4CCF-853D-1937E731F2CA}.Debug|Any CPU.Build.0 = Debug|Any CPU
		{6AE190AF-FDC1-4CCF-853D-1937E731F2CA}.Release|Any CPU.ActiveCfg = Release|Any CPU
		{6AE190AF-FDC1-4CCF-853D-1937E731F2CA}.Release|Any CPU.Build.0 = Release|Any CPU
		{0B492EE4-238B-4B7F-B903-15E364D84F7B}.Debug|Any CPU.ActiveCfg = Debug|Any CPU
		{0B492EE4-238B-4B7F-B903-15E364D84F7B}.Debug|Any CPU.Build.0 = Debug|Any CPU
		{0B492EE4-238B-4B7F-B903-15E364D84F7B}.Release|Any CPU.ActiveCfg = Release|Any CPU
		{0B492EE4-238B-4B7F-B903-15E364D84F7B}.Release|Any CPU.Build.0 = Release|Any CPU
		{68C7C2FB-6342-40EF-95DD-476B20A4534B}.Debug|Any CPU.ActiveCfg = Debug|Any CPU
		{68C7C2FB-6342-40EF-95DD-476B20A4534B}.Debug|Any CPU.Build.0 = Debug|Any CPU
		{68C7C2FB-6342-40EF-95DD-476B20A4534B}.Release|Any CPU.ActiveCfg = Release|Any CPU
		{68C7C2FB-6342-40EF-95DD-476B20A4534B}.Release|Any CPU.Build.0 = Release|Any CPU
		{5D1124CE-9D81-4596-95CF-EA2ADB0B2A15}.Debug|Any CPU.ActiveCfg = Debug|Any CPU
		{5D1124CE-9D81-4596-95CF-EA2ADB0B2A15}.Debug|Any CPU.Build.0 = Debug|Any CPU
		{5D1124CE-9D81-4596-95CF-EA2ADB0B2A15}.Release|Any CPU.ActiveCfg = Release|Any CPU
		{5D1124CE-9D81-4596-95CF-EA2ADB0B2A15}.Release|Any CPU.Build.0 = Release|Any CPU
		{9B9051D6-6671-4664-BBE1-6FF6EC379FEB}.Debug|Any CPU.ActiveCfg = Debug|Any CPU
		{9B9051D6-6671-4664-BBE1-6FF6EC379FEB}.Debug|Any CPU.Build.0 = Debug|Any CPU
		{9B9051D6-6671-4664-BBE1-6FF6EC379FEB}.Release|Any CPU.ActiveCfg = Release|Any CPU
		{9B9051D6-6671-4664-BBE1-6FF6EC379FEB}.Release|Any CPU.Build.0 = Release|Any CPU
		{F5135354-07BC-4D36-B5DC-4790D6BB4920}.Debug|Any CPU.ActiveCfg = Debug|Any CPU
		{F5135354-07BC-4D36-B5DC-4790D6BB4920}.Debug|Any CPU.Build.0 = Debug|Any CPU
		{F5135354-07BC-4D36-B5DC-4790D6BB4920}.Release|Any CPU.ActiveCfg = Release|Any CPU
		{F5135354-07BC-4D36-B5DC-4790D6BB4920}.Release|Any CPU.Build.0 = Release|Any CPU
		{074B894A-F3BC-4942-B030-29430CFD1EF1}.Debug|Any CPU.ActiveCfg = Debug|Any CPU
		{074B894A-F3BC-4942-B030-29430CFD1EF1}.Debug|Any CPU.Build.0 = Debug|Any CPU
		{074B894A-F3BC-4942-B030-29430CFD1EF1}.Release|Any CPU.ActiveCfg = Release|Any CPU
		{074B894A-F3BC-4942-B030-29430CFD1EF1}.Release|Any CPU.Build.0 = Release|Any CPU
		{F36F9311-C664-4A8A-BDE4-C99482AB89A9}.Debug|Any CPU.ActiveCfg = Debug|Any CPU
		{F36F9311-C664-4A8A-BDE4-C99482AB89A9}.Debug|Any CPU.Build.0 = Debug|Any CPU
		{F36F9311-C664-4A8A-BDE4-C99482AB89A9}.Release|Any CPU.ActiveCfg = Release|Any CPU
		{F36F9311-C664-4A8A-BDE4-C99482AB89A9}.Release|Any CPU.Build.0 = Release|Any CPU
		{EC2A4114-31DA-42FC-880B-DABE5C7D788C}.Debug|Any CPU.ActiveCfg = Debug|Any CPU
		{EC2A4114-31DA-42FC-880B-DABE5C7D788C}.Debug|Any CPU.Build.0 = Debug|Any CPU
		{EC2A4114-31DA-42FC-880B-DABE5C7D788C}.Release|Any CPU.ActiveCfg = Release|Any CPU
		{EC2A4114-31DA-42FC-880B-DABE5C7D788C}.Release|Any CPU.Build.0 = Release|Any CPU
		{CB135FA8-8698-4FE5-A773-04D486C745D9}.Debug|Any CPU.ActiveCfg = Debug|Any CPU
		{CB135FA8-8698-4FE5-A773-04D486C745D9}.Debug|Any CPU.Build.0 = Debug|Any CPU
		{CB135FA8-8698-4FE5-A773-04D486C745D9}.Release|Any CPU.ActiveCfg = Release|Any CPU
		{CB135FA8-8698-4FE5-A773-04D486C745D9}.Release|Any CPU.Build.0 = Release|Any CPU
		{99F9887C-3A96-4C75-8741-3D88DD9AA85D}.Debug|Any CPU.ActiveCfg = Debug|Any CPU
		{99F9887C-3A96-4C75-8741-3D88DD9AA85D}.Debug|Any CPU.Build.0 = Debug|Any CPU
		{99F9887C-3A96-4C75-8741-3D88DD9AA85D}.Release|Any CPU.ActiveCfg = Release|Any CPU
		{99F9887C-3A96-4C75-8741-3D88DD9AA85D}.Release|Any CPU.Build.0 = Release|Any CPU
		{BC760C62-065D-468E-831F-2CCB996BCB4C}.Debug|Any CPU.ActiveCfg = Debug|Any CPU
		{BC760C62-065D-468E-831F-2CCB996BCB4C}.Debug|Any CPU.Build.0 = Debug|Any CPU
		{BC760C62-065D-468E-831F-2CCB996BCB4C}.Release|Any CPU.ActiveCfg = Release|Any CPU
		{BC760C62-065D-468E-831F-2CCB996BCB4C}.Release|Any CPU.Build.0 = Release|Any CPU
		{D1199815-A686-46B7-AB03-7A3CD7451D8B}.Debug|Any CPU.ActiveCfg = Debug|Any CPU
		{D1199815-A686-46B7-AB03-7A3CD7451D8B}.Debug|Any CPU.Build.0 = Debug|Any CPU
		{D1199815-A686-46B7-AB03-7A3CD7451D8B}.Release|Any CPU.ActiveCfg = Release|Any CPU
		{D1199815-A686-46B7-AB03-7A3CD7451D8B}.Release|Any CPU.Build.0 = Release|Any CPU
		{9304DFFE-1F37-4898-9599-6067C4C4B9D7}.Debug|Any CPU.ActiveCfg = Debug|Any CPU
		{9304DFFE-1F37-4898-9599-6067C4C4B9D7}.Debug|Any CPU.Build.0 = Debug|Any CPU
		{9304DFFE-1F37-4898-9599-6067C4C4B9D7}.Release|Any CPU.ActiveCfg = Release|Any CPU
		{9304DFFE-1F37-4898-9599-6067C4C4B9D7}.Release|Any CPU.Build.0 = Release|Any CPU
		{E3687E06-FE9E-4ACC-96A2-0F292D13A214}.Debug|Any CPU.ActiveCfg = Debug|Any CPU
		{E3687E06-FE9E-4ACC-96A2-0F292D13A214}.Debug|Any CPU.Build.0 = Debug|Any CPU
		{E3687E06-FE9E-4ACC-96A2-0F292D13A214}.Release|Any CPU.ActiveCfg = Release|Any CPU
		{E3687E06-FE9E-4ACC-96A2-0F292D13A214}.Release|Any CPU.Build.0 = Release|Any CPU
		{05B3FBA3-7614-45D6-BF02-1BA0E86A3A24}.Debug|Any CPU.ActiveCfg = Debug|Any CPU
		{05B3FBA3-7614-45D6-BF02-1BA0E86A3A24}.Debug|Any CPU.Build.0 = Debug|Any CPU
		{05B3FBA3-7614-45D6-BF02-1BA0E86A3A24}.Release|Any CPU.ActiveCfg = Release|Any CPU
		{05B3FBA3-7614-45D6-BF02-1BA0E86A3A24}.Release|Any CPU.Build.0 = Release|Any CPU
		{34EB94F5-7280-4809-83C3-96D705F6CAA9}.Debug|Any CPU.ActiveCfg = Debug|Any CPU
		{34EB94F5-7280-4809-83C3-96D705F6CAA9}.Debug|Any CPU.Build.0 = Debug|Any CPU
		{34EB94F5-7280-4809-83C3-96D705F6CAA9}.Release|Any CPU.ActiveCfg = Release|Any CPU
		{34EB94F5-7280-4809-83C3-96D705F6CAA9}.Release|Any CPU.Build.0 = Release|Any CPU
		{D13ED7A3-959B-4ED1-96A7-8EC2C2E8BE48}.Debug|Any CPU.ActiveCfg = Debug|Any CPU
		{D13ED7A3-959B-4ED1-96A7-8EC2C2E8BE48}.Debug|Any CPU.Build.0 = Debug|Any CPU
		{D13ED7A3-959B-4ED1-96A7-8EC2C2E8BE48}.Release|Any CPU.ActiveCfg = Release|Any CPU
		{D13ED7A3-959B-4ED1-96A7-8EC2C2E8BE48}.Release|Any CPU.Build.0 = Release|Any CPU
		{33F42B8C-B533-40F2-B15C-1BB21A0BC10B}.Debug|Any CPU.ActiveCfg = Debug|Any CPU
		{33F42B8C-B533-40F2-B15C-1BB21A0BC10B}.Debug|Any CPU.Build.0 = Debug|Any CPU
		{33F42B8C-B533-40F2-B15C-1BB21A0BC10B}.Release|Any CPU.ActiveCfg = Release|Any CPU
		{33F42B8C-B533-40F2-B15C-1BB21A0BC10B}.Release|Any CPU.Build.0 = Release|Any CPU
		{7CEC40F4-EC50-4306-9B31-0DD138AE0427}.Debug|Any CPU.ActiveCfg = Debug|Any CPU
		{7CEC40F4-EC50-4306-9B31-0DD138AE0427}.Debug|Any CPU.Build.0 = Debug|Any CPU
		{7CEC40F4-EC50-4306-9B31-0DD138AE0427}.Release|Any CPU.ActiveCfg = Release|Any CPU
		{7CEC40F4-EC50-4306-9B31-0DD138AE0427}.Release|Any CPU.Build.0 = Release|Any CPU
		{98E7599B-FA3B-4096-A808-F610D450F7F0}.Debug|Any CPU.ActiveCfg = Debug|Any CPU
		{98E7599B-FA3B-4096-A808-F610D450F7F0}.Debug|Any CPU.Build.0 = Debug|Any CPU
		{98E7599B-FA3B-4096-A808-F610D450F7F0}.Release|Any CPU.ActiveCfg = Release|Any CPU
		{98E7599B-FA3B-4096-A808-F610D450F7F0}.Release|Any CPU.Build.0 = Release|Any CPU
		{47BD9652-0FCC-40CA-8A6D-AE2B1C794A69}.Debug|Any CPU.ActiveCfg = Debug|Any CPU
		{47BD9652-0FCC-40CA-8A6D-AE2B1C794A69}.Debug|Any CPU.Build.0 = Debug|Any CPU
		{47BD9652-0FCC-40CA-8A6D-AE2B1C794A69}.Release|Any CPU.ActiveCfg = Release|Any CPU
		{47BD9652-0FCC-40CA-8A6D-AE2B1C794A69}.Release|Any CPU.Build.0 = Release|Any CPU
	EndGlobalSection
	GlobalSection(SolutionProperties) = preSolution
		HideSolutionNode = FALSE
	EndGlobalSection
	GlobalSection(NestedProjects) = preSolution
		{B9DE5718-F372-4B19-A681-694A4A35FE6B} = {FE6C1C19-B0DA-4C22-89E1-865C33E04234}
		{91C3A4CA-6944-43EB-BD5A-14CF1EDE07A5} = {FE6C1C19-B0DA-4C22-89E1-865C33E04234}
		{64975C37-4143-4C0B-8068-B808AEB19EBD} = {18299648-9ECC-4838-B5A0-C82824475E5B}
		{E542E614-6361-4D12-90C0-A6826385F265} = {4CBF0C58-1163-4775-BE7B-1081F653612D}
		{D6935CCC-8859-49FC-80A4-660BFD3CC44E} = {4CBF0C58-1163-4775-BE7B-1081F653612D}
		{62AB8575-0821-49D3-88A7-3F2760B52045} = {18299648-9ECC-4838-B5A0-C82824475E5B}
		{6BCFA712-2D37-4D69-B1B0-BAF196BE9E07} = {4CBF0C58-1163-4775-BE7B-1081F653612D}
		{B337A6E0-EAAB-4EE2-94C9-383F48DF40A2} = {FE6C1C19-B0DA-4C22-89E1-865C33E04234}
		{61042603-65A5-442B-AD42-7543D7218BE1} = {4CBF0C58-1163-4775-BE7B-1081F653612D}
		{955EC370-850B-4555-9113-2F1B3A48AAF4} = {4CBF0C58-1163-4775-BE7B-1081F653612D}
		{6AE190AF-FDC1-4CCF-853D-1937E731F2CA} = {4CBF0C58-1163-4775-BE7B-1081F653612D}
		{0B492EE4-238B-4B7F-B903-15E364D84F7B} = {4CBF0C58-1163-4775-BE7B-1081F653612D}
		{EC4F20E2-D2E6-4296-9E86-21575C4AC06F} = {18299648-9ECC-4838-B5A0-C82824475E5B}
		{68C7C2FB-6342-40EF-95DD-476B20A4534B} = {EC4F20E2-D2E6-4296-9E86-21575C4AC06F}
		{5D1124CE-9D81-4596-95CF-EA2ADB0B2A15} = {EC4F20E2-D2E6-4296-9E86-21575C4AC06F}
		{9B9051D6-6671-4664-BBE1-6FF6EC379FEB} = {EC4F20E2-D2E6-4296-9E86-21575C4AC06F}
		{F5135354-07BC-4D36-B5DC-4790D6BB4920} = {788384E4-ADA2-44FF-8852-58CD7118791C}
		{074B894A-F3BC-4942-B030-29430CFD1EF1} = {84DE9C23-3E8C-4AD1-96C6-645B1568B130}
		{F36F9311-C664-4A8A-BDE4-C99482AB89A9} = {FE6C1C19-B0DA-4C22-89E1-865C33E04234}
		{97800186-2606-4ED3-9201-A0332B814739} = {4CBF0C58-1163-4775-BE7B-1081F653612D}
		{EC2A4114-31DA-42FC-880B-DABE5C7D788C} = {97800186-2606-4ED3-9201-A0332B814739}
		{CB135FA8-8698-4FE5-A773-04D486C745D9} = {97800186-2606-4ED3-9201-A0332B814739}
		{99F9887C-3A96-4C75-8741-3D88DD9AA85D} = {788384E4-ADA2-44FF-8852-58CD7118791C}
		{BC760C62-065D-468E-831F-2CCB996BCB4C} = {65940A0F-F05A-4515-BEAF-085F498B420C}
		{D1199815-A686-46B7-AB03-7A3CD7451D8B} = {2039CEF9-439F-4C71-842E-EF35E2A12BAF}
		{9304DFFE-1F37-4898-9599-6067C4C4B9D7} = {2039CEF9-439F-4C71-842E-EF35E2A12BAF}
		{E3687E06-FE9E-4ACC-96A2-0F292D13A214} = {508C6EB8-8DBC-4F28-A634-C0BDC6716B2A}
		{05B3FBA3-7614-45D6-BF02-1BA0E86A3A24} = {508C6EB8-8DBC-4F28-A634-C0BDC6716B2A}
		{508C6EB8-8DBC-4F28-A634-C0BDC6716B2A} = {185AD61E-54B4-415C-91E5-C27A29B498A9}
		{65940A0F-F05A-4515-BEAF-085F498B420C} = {185AD61E-54B4-415C-91E5-C27A29B498A9}
		{2039CEF9-439F-4C71-842E-EF35E2A12BAF} = {185AD61E-54B4-415C-91E5-C27A29B498A9}
		{34EB94F5-7280-4809-83C3-96D705F6CAA9} = {508C6EB8-8DBC-4F28-A634-C0BDC6716B2A}
		{D13ED7A3-959B-4ED1-96A7-8EC2C2E8BE48} = {4CBF0C58-1163-4775-BE7B-1081F653612D}
		{33F42B8C-B533-40F2-B15C-1BB21A0BC10B} = {DF355F18-B9CD-44DE-9C3B-EF0A6FF27334}
		{7CEC40F4-EC50-4306-9B31-0DD138AE0427} = {DF355F18-B9CD-44DE-9C3B-EF0A6FF27334}
		{98E7599B-FA3B-4096-A808-F610D450F7F0} = {DF355F18-B9CD-44DE-9C3B-EF0A6FF27334}
		{47BD9652-0FCC-40CA-8A6D-AE2B1C794A69} = {DF355F18-B9CD-44DE-9C3B-EF0A6FF27334}
	EndGlobalSection
	GlobalSection(ExtensibilityGlobals) = postSolution
		SolutionGuid = {CA4FE31B-843B-4816-B5F9-3592A7FF5240}
	EndGlobalSection
EndGlobal
