
Microsoft Visual Studio Solution File, Format Version 12.00
# Visual Studio Version 16
VisualStudioVersion = 16.0.30711.63
MinimumVisualStudioVersion = 15.0.26124.0
Project("{9A19103F-16F7-4668-BE54-9A1E7A4F7556}") = "APIServer", "APIServer\APIServer.csproj", "{BC381BEB-EE20-46CC-8DC8-6767AB1946DA}"
EndProject
Project("{9A19103F-16F7-4668-BE54-9A1E7A4F7556}") = "BlazorClient.Client", "BlazorClient\Client\BlazorClient.Client.csproj", "{D45A44A2-142E-4DA0-8054-CA5A4EEBB2CF}"
EndProject
Project("{9A19103F-16F7-4668-BE54-9A1E7A4F7556}") = "Service", "Service\Service.csproj", "{0F449BD8-E61C-49D7-B3E4-7793CF570540}"
EndProject
Project("{9A19103F-16F7-4668-BE54-9A1E7A4F7556}") = "Service.Data", "Service.Data\Service.Data.csproj", "{DD89E831-63A0-4A54-84CE-49CE53183955}"
EndProject
Project("{9A19103F-16F7-4668-BE54-9A1E7A4F7556}") = "Service.Test", "Service.Test\Service.Test.csproj", "{BD7CF597-F867-4C65-BBCD-38F2E3D549DA}"
EndProject
Project("{2150E333-8FDC-42A3-9474-1A3956D46DE8}") = "JWLibrary", "JWLibrary", "{188DF013-683A-4106-AE74-0850590FC970}"
EndProject
Project("{9A19103F-16F7-4668-BE54-9A1E7A4F7556}") = "JWLibrary", "..\JW2Library\JWLibrary\JWLibrary.csproj", "{751E0EC6-B1B0-42EA-A323-8140A4D635CF}"
EndProject
Project("{9A19103F-16F7-4668-BE54-9A1E7A4F7556}") = "JWLibrary.Core", "..\JW2Library\JWLibrary.Core\JWLibrary.Core.csproj", "{76A80091-304F-4C7B-8C0B-0A34CCD0D6C1}"
EndProject
Project("{9A19103F-16F7-4668-BE54-9A1E7A4F7556}") = "JWLibrary.Web", "..\JW2Library\JWLibrary.Web\JWLibrary.Web.csproj", "{B4C21324-B744-406F-8488-802D2A37837F}"
EndProject
Global
	GlobalSection(SolutionConfigurationPlatforms) = preSolution
		Debug|Any CPU = Debug|Any CPU
		Debug|x64 = Debug|x64
		Debug|x86 = Debug|x86
		Release|Any CPU = Release|Any CPU
		Release|x64 = Release|x64
		Release|x86 = Release|x86
	EndGlobalSection
	GlobalSection(ProjectConfigurationPlatforms) = postSolution
		{BC381BEB-EE20-46CC-8DC8-6767AB1946DA}.Debug|Any CPU.ActiveCfg = Debug|Any CPU
		{BC381BEB-EE20-46CC-8DC8-6767AB1946DA}.Debug|Any CPU.Build.0 = Debug|Any CPU
		{BC381BEB-EE20-46CC-8DC8-6767AB1946DA}.Debug|x64.ActiveCfg = Debug|Any CPU
		{BC381BEB-EE20-46CC-8DC8-6767AB1946DA}.Debug|x64.Build.0 = Debug|Any CPU
		{BC381BEB-EE20-46CC-8DC8-6767AB1946DA}.Debug|x86.ActiveCfg = Debug|Any CPU
		{BC381BEB-EE20-46CC-8DC8-6767AB1946DA}.Debug|x86.Build.0 = Debug|Any CPU
		{BC381BEB-EE20-46CC-8DC8-6767AB1946DA}.Release|Any CPU.ActiveCfg = Release|Any CPU
		{BC381BEB-EE20-46CC-8DC8-6767AB1946DA}.Release|Any CPU.Build.0 = Release|Any CPU
		{BC381BEB-EE20-46CC-8DC8-6767AB1946DA}.Release|x64.ActiveCfg = Release|Any CPU
		{BC381BEB-EE20-46CC-8DC8-6767AB1946DA}.Release|x64.Build.0 = Release|Any CPU
		{BC381BEB-EE20-46CC-8DC8-6767AB1946DA}.Release|x86.ActiveCfg = Release|Any CPU
		{BC381BEB-EE20-46CC-8DC8-6767AB1946DA}.Release|x86.Build.0 = Release|Any CPU
		{D45A44A2-142E-4DA0-8054-CA5A4EEBB2CF}.Debug|Any CPU.ActiveCfg = Debug|Any CPU
		{D45A44A2-142E-4DA0-8054-CA5A4EEBB2CF}.Debug|Any CPU.Build.0 = Debug|Any CPU
		{D45A44A2-142E-4DA0-8054-CA5A4EEBB2CF}.Debug|x64.ActiveCfg = Debug|Any CPU
		{D45A44A2-142E-4DA0-8054-CA5A4EEBB2CF}.Debug|x64.Build.0 = Debug|Any CPU
		{D45A44A2-142E-4DA0-8054-CA5A4EEBB2CF}.Debug|x86.ActiveCfg = Debug|Any CPU
		{D45A44A2-142E-4DA0-8054-CA5A4EEBB2CF}.Debug|x86.Build.0 = Debug|Any CPU
		{D45A44A2-142E-4DA0-8054-CA5A4EEBB2CF}.Release|Any CPU.ActiveCfg = Release|Any CPU
		{D45A44A2-142E-4DA0-8054-CA5A4EEBB2CF}.Release|Any CPU.Build.0 = Release|Any CPU
		{D45A44A2-142E-4DA0-8054-CA5A4EEBB2CF}.Release|x64.ActiveCfg = Release|Any CPU
		{D45A44A2-142E-4DA0-8054-CA5A4EEBB2CF}.Release|x64.Build.0 = Release|Any CPU
		{D45A44A2-142E-4DA0-8054-CA5A4EEBB2CF}.Release|x86.ActiveCfg = Release|Any CPU
		{D45A44A2-142E-4DA0-8054-CA5A4EEBB2CF}.Release|x86.Build.0 = Release|Any CPU
		{0F449BD8-E61C-49D7-B3E4-7793CF570540}.Debug|Any CPU.ActiveCfg = Debug|Any CPU
		{0F449BD8-E61C-49D7-B3E4-7793CF570540}.Debug|Any CPU.Build.0 = Debug|Any CPU
		{0F449BD8-E61C-49D7-B3E4-7793CF570540}.Debug|x64.ActiveCfg = Debug|Any CPU
		{0F449BD8-E61C-49D7-B3E4-7793CF570540}.Debug|x64.Build.0 = Debug|Any CPU
		{0F449BD8-E61C-49D7-B3E4-7793CF570540}.Debug|x86.ActiveCfg = Debug|Any CPU
		{0F449BD8-E61C-49D7-B3E4-7793CF570540}.Debug|x86.Build.0 = Debug|Any CPU
		{0F449BD8-E61C-49D7-B3E4-7793CF570540}.Release|Any CPU.ActiveCfg = Release|Any CPU
		{0F449BD8-E61C-49D7-B3E4-7793CF570540}.Release|Any CPU.Build.0 = Release|Any CPU
		{0F449BD8-E61C-49D7-B3E4-7793CF570540}.Release|x64.ActiveCfg = Release|Any CPU
		{0F449BD8-E61C-49D7-B3E4-7793CF570540}.Release|x64.Build.0 = Release|Any CPU
		{0F449BD8-E61C-49D7-B3E4-7793CF570540}.Release|x86.ActiveCfg = Release|Any CPU
		{0F449BD8-E61C-49D7-B3E4-7793CF570540}.Release|x86.Build.0 = Release|Any CPU
		{DD89E831-63A0-4A54-84CE-49CE53183955}.Debug|Any CPU.ActiveCfg = Debug|Any CPU
		{DD89E831-63A0-4A54-84CE-49CE53183955}.Debug|Any CPU.Build.0 = Debug|Any CPU
		{DD89E831-63A0-4A54-84CE-49CE53183955}.Debug|x64.ActiveCfg = Debug|Any CPU
		{DD89E831-63A0-4A54-84CE-49CE53183955}.Debug|x64.Build.0 = Debug|Any CPU
		{DD89E831-63A0-4A54-84CE-49CE53183955}.Debug|x86.ActiveCfg = Debug|Any CPU
		{DD89E831-63A0-4A54-84CE-49CE53183955}.Debug|x86.Build.0 = Debug|Any CPU
		{DD89E831-63A0-4A54-84CE-49CE53183955}.Release|Any CPU.ActiveCfg = Release|Any CPU
		{DD89E831-63A0-4A54-84CE-49CE53183955}.Release|Any CPU.Build.0 = Release|Any CPU
		{DD89E831-63A0-4A54-84CE-49CE53183955}.Release|x64.ActiveCfg = Release|Any CPU
		{DD89E831-63A0-4A54-84CE-49CE53183955}.Release|x64.Build.0 = Release|Any CPU
		{DD89E831-63A0-4A54-84CE-49CE53183955}.Release|x86.ActiveCfg = Release|Any CPU
		{DD89E831-63A0-4A54-84CE-49CE53183955}.Release|x86.Build.0 = Release|Any CPU
		{BD7CF597-F867-4C65-BBCD-38F2E3D549DA}.Debug|Any CPU.ActiveCfg = Debug|Any CPU
		{BD7CF597-F867-4C65-BBCD-38F2E3D549DA}.Debug|Any CPU.Build.0 = Debug|Any CPU
		{BD7CF597-F867-4C65-BBCD-38F2E3D549DA}.Debug|x64.ActiveCfg = Debug|Any CPU
		{BD7CF597-F867-4C65-BBCD-38F2E3D549DA}.Debug|x64.Build.0 = Debug|Any CPU
		{BD7CF597-F867-4C65-BBCD-38F2E3D549DA}.Debug|x86.ActiveCfg = Debug|Any CPU
		{BD7CF597-F867-4C65-BBCD-38F2E3D549DA}.Debug|x86.Build.0 = Debug|Any CPU
		{BD7CF597-F867-4C65-BBCD-38F2E3D549DA}.Release|Any CPU.ActiveCfg = Release|Any CPU
		{BD7CF597-F867-4C65-BBCD-38F2E3D549DA}.Release|Any CPU.Build.0 = Release|Any CPU
		{BD7CF597-F867-4C65-BBCD-38F2E3D549DA}.Release|x64.ActiveCfg = Release|Any CPU
		{BD7CF597-F867-4C65-BBCD-38F2E3D549DA}.Release|x64.Build.0 = Release|Any CPU
		{BD7CF597-F867-4C65-BBCD-38F2E3D549DA}.Release|x86.ActiveCfg = Release|Any CPU
		{BD7CF597-F867-4C65-BBCD-38F2E3D549DA}.Release|x86.Build.0 = Release|Any CPU
		{751E0EC6-B1B0-42EA-A323-8140A4D635CF}.Debug|Any CPU.ActiveCfg = Debug|Any CPU
		{751E0EC6-B1B0-42EA-A323-8140A4D635CF}.Debug|Any CPU.Build.0 = Debug|Any CPU
		{751E0EC6-B1B0-42EA-A323-8140A4D635CF}.Debug|x64.ActiveCfg = Debug|Any CPU
		{751E0EC6-B1B0-42EA-A323-8140A4D635CF}.Debug|x64.Build.0 = Debug|Any CPU
		{751E0EC6-B1B0-42EA-A323-8140A4D635CF}.Debug|x86.ActiveCfg = Debug|Any CPU
		{751E0EC6-B1B0-42EA-A323-8140A4D635CF}.Debug|x86.Build.0 = Debug|Any CPU
		{751E0EC6-B1B0-42EA-A323-8140A4D635CF}.Release|Any CPU.ActiveCfg = Release|Any CPU
		{751E0EC6-B1B0-42EA-A323-8140A4D635CF}.Release|Any CPU.Build.0 = Release|Any CPU
		{751E0EC6-B1B0-42EA-A323-8140A4D635CF}.Release|x64.ActiveCfg = Release|Any CPU
		{751E0EC6-B1B0-42EA-A323-8140A4D635CF}.Release|x64.Build.0 = Release|Any CPU
		{751E0EC6-B1B0-42EA-A323-8140A4D635CF}.Release|x86.ActiveCfg = Release|Any CPU
		{751E0EC6-B1B0-42EA-A323-8140A4D635CF}.Release|x86.Build.0 = Release|Any CPU
		{76A80091-304F-4C7B-8C0B-0A34CCD0D6C1}.Debug|Any CPU.ActiveCfg = Debug|Any CPU
		{76A80091-304F-4C7B-8C0B-0A34CCD0D6C1}.Debug|Any CPU.Build.0 = Debug|Any CPU
		{76A80091-304F-4C7B-8C0B-0A34CCD0D6C1}.Debug|x64.ActiveCfg = Debug|Any CPU
		{76A80091-304F-4C7B-8C0B-0A34CCD0D6C1}.Debug|x64.Build.0 = Debug|Any CPU
		{76A80091-304F-4C7B-8C0B-0A34CCD0D6C1}.Debug|x86.ActiveCfg = Debug|Any CPU
		{76A80091-304F-4C7B-8C0B-0A34CCD0D6C1}.Debug|x86.Build.0 = Debug|Any CPU
		{76A80091-304F-4C7B-8C0B-0A34CCD0D6C1}.Release|Any CPU.ActiveCfg = Release|Any CPU
		{76A80091-304F-4C7B-8C0B-0A34CCD0D6C1}.Release|Any CPU.Build.0 = Release|Any CPU
		{76A80091-304F-4C7B-8C0B-0A34CCD0D6C1}.Release|x64.ActiveCfg = Release|Any CPU
		{76A80091-304F-4C7B-8C0B-0A34CCD0D6C1}.Release|x64.Build.0 = Release|Any CPU
		{76A80091-304F-4C7B-8C0B-0A34CCD0D6C1}.Release|x86.ActiveCfg = Release|Any CPU
		{76A80091-304F-4C7B-8C0B-0A34CCD0D6C1}.Release|x86.Build.0 = Release|Any CPU
		{B4C21324-B744-406F-8488-802D2A37837F}.Debug|Any CPU.ActiveCfg = Debug|Any CPU
		{B4C21324-B744-406F-8488-802D2A37837F}.Debug|Any CPU.Build.0 = Debug|Any CPU
		{B4C21324-B744-406F-8488-802D2A37837F}.Debug|x64.ActiveCfg = Debug|Any CPU
		{B4C21324-B744-406F-8488-802D2A37837F}.Debug|x64.Build.0 = Debug|Any CPU
		{B4C21324-B744-406F-8488-802D2A37837F}.Debug|x86.ActiveCfg = Debug|Any CPU
		{B4C21324-B744-406F-8488-802D2A37837F}.Debug|x86.Build.0 = Debug|Any CPU
		{B4C21324-B744-406F-8488-802D2A37837F}.Release|Any CPU.ActiveCfg = Release|Any CPU
		{B4C21324-B744-406F-8488-802D2A37837F}.Release|Any CPU.Build.0 = Release|Any CPU
		{B4C21324-B744-406F-8488-802D2A37837F}.Release|x64.ActiveCfg = Release|Any CPU
		{B4C21324-B744-406F-8488-802D2A37837F}.Release|x64.Build.0 = Release|Any CPU
		{B4C21324-B744-406F-8488-802D2A37837F}.Release|x86.ActiveCfg = Release|Any CPU
		{B4C21324-B744-406F-8488-802D2A37837F}.Release|x86.Build.0 = Release|Any CPU
	EndGlobalSection
	GlobalSection(SolutionProperties) = preSolution
		HideSolutionNode = FALSE
	EndGlobalSection
	GlobalSection(NestedProjects) = preSolution
		{751E0EC6-B1B0-42EA-A323-8140A4D635CF} = {188DF013-683A-4106-AE74-0850590FC970}
		{76A80091-304F-4C7B-8C0B-0A34CCD0D6C1} = {188DF013-683A-4106-AE74-0850590FC970}
		{B4C21324-B744-406F-8488-802D2A37837F} = {188DF013-683A-4106-AE74-0850590FC970}
	EndGlobalSection
	GlobalSection(ExtensibilityGlobals) = postSolution
		SolutionGuid = {14B202C8-545A-495B-9DC2-C8784B454436}
	EndGlobalSection
EndGlobal
